
Microsoft Visual Studio Solution File, Format Version 12.00
# Visual Studio Version 17
VisualStudioVersion = 17.5.33424.131
MinimumVisualStudioVersion = 10.0.40219.1
Project("{FAE04EC0-301F-11D3-BF4B-00C04F79EFBC}") = "ClinicaDentariaFinalWork", "ClinicaDentariaFinalWork\ClinicaDentariaFinalWork.csproj", "{556EF35D-3EA9-4AC4-AD41-3475E43A923A}"
EndProject
Global
	GlobalSection(SolutionConfigurationPlatforms) = preSolution
		Debug|Any CPU = Debug|Any CPU
		Release|Any CPU = Release|Any CPU
	EndGlobalSection
	GlobalSection(ProjectConfigurationPlatforms) = postSolution
		{556EF35D-3EA9-4AC4-AD41-3475E43A923A}.Debug|Any CPU.ActiveCfg = Debug|Any CPU
		{556EF35D-3EA9-4AC4-AD41-3475E43A923A}.Debug|Any CPU.Build.0 = Debug|Any CPU
		{556EF35D-3EA9-4AC4-AD41-3475E43A923A}.Release|Any CPU.ActiveCfg = Release|Any CPU
		{556EF35D-3EA9-4AC4-AD41-3475E43A923A}.Release|Any CPU.Build.0 = Release|Any CPU
	EndGlobalSection
	GlobalSection(SolutionProperties) = preSolution
		HideSolutionNode = FALSE
	EndGlobalSection
	GlobalSection(ExtensibilityGlobals) = postSolution
		SolutionGuid = {A942C57F-C383-4C6E-A6CA-EA74EFF6CA4F}
	EndGlobalSection
EndGlobal
